// !$*UTF8*$!
{
	archiveVersion = 1;
	classes = {
	};
	objectVersion = 50;
	objects = {

/* Begin PBXBuildFile section */
		F5A2B283247E7A5E003ED9D1 /* AppDelegate.swift in Sources */ = {isa = PBXBuildFile; fileRef = F5A2B282247E7A5E003ED9D1 /* AppDelegate.swift */; };
		F5A2B285247E7A5E003ED9D1 /* SceneDelegate.swift in Sources */ = {isa = PBXBuildFile; fileRef = F5A2B284247E7A5E003ED9D1 /* SceneDelegate.swift */; };
		F5A2B287247E7A5E003ED9D1 /* FindCustomerViewController.swift in Sources */ = {isa = PBXBuildFile; fileRef = F5A2B286247E7A5E003ED9D1 /* FindCustomerViewController.swift */; };
		F5A2B28A247E7A5E003ED9D1 /* Main.storyboard in Resources */ = {isa = PBXBuildFile; fileRef = F5A2B288247E7A5E003ED9D1 /* Main.storyboard */; };
		F5A2B28C247E7A61003ED9D1 /* Assets.xcassets in Resources */ = {isa = PBXBuildFile; fileRef = F5A2B28B247E7A61003ED9D1 /* Assets.xcassets */; };
		F5A2B28F247E7A61003ED9D1 /* LaunchScreen.storyboard in Resources */ = {isa = PBXBuildFile; fileRef = F5A2B28D247E7A61003ED9D1 /* LaunchScreen.storyboard */; };
		F5A2B29A247E7A61003ED9D1 /* InvitationTests.swift in Sources */ = {isa = PBXBuildFile; fileRef = F5A2B299247E7A61003ED9D1 /* InvitationTests.swift */; };
		F5A2B2AE247E82F5003ED9D1 /* Customer.swift in Sources */ = {isa = PBXBuildFile; fileRef = F5A2B2AD247E82F5003ED9D1 /* Customer.swift */; };
		F5A2B2B2247E92C7003ED9D1 /* CustomerCell.swift in Sources */ = {isa = PBXBuildFile; fileRef = F5A2B2B1247E92C7003ED9D1 /* CustomerCell.swift */; };
		F5A2B2B6247EB901003ED9D1 /* customers.json in Resources */ = {isa = PBXBuildFile; fileRef = F5A2B2B5247EB901003ED9D1 /* customers.json */; };
/* End PBXBuildFile section */

/* Begin PBXContainerItemProxy section */
		F5A2B296247E7A61003ED9D1 /* PBXContainerItemProxy */ = {
			isa = PBXContainerItemProxy;
			containerPortal = F5A2B277247E7A5E003ED9D1 /* Project object */;
			proxyType = 1;
			remoteGlobalIDString = F5A2B27E247E7A5E003ED9D1;
			remoteInfo = Invitation;
		};
/* End PBXContainerItemProxy section */

/* Begin PBXFileReference section */
		F5A2B27F247E7A5E003ED9D1 /* Invitation.app */ = {isa = PBXFileReference; explicitFileType = wrapper.application; includeInIndex = 0; path = Invitation.app; sourceTree = BUILT_PRODUCTS_DIR; };
		F5A2B282247E7A5E003ED9D1 /* AppDelegate.swift */ = {isa = PBXFileReference; lastKnownFileType = sourcecode.swift; path = AppDelegate.swift; sourceTree = "<group>"; };
		F5A2B284247E7A5E003ED9D1 /* SceneDelegate.swift */ = {isa = PBXFileReference; lastKnownFileType = sourcecode.swift; path = SceneDelegate.swift; sourceTree = "<group>"; };
		F5A2B286247E7A5E003ED9D1 /* FindCustomerViewController.swift */ = {isa = PBXFileReference; lastKnownFileType = sourcecode.swift; path = FindCustomerViewController.swift; sourceTree = "<group>"; };
		F5A2B289247E7A5E003ED9D1 /* Base */ = {isa = PBXFileReference; lastKnownFileType = file.storyboard; name = Base; path = Base.lproj/Main.storyboard; sourceTree = "<group>"; };
		F5A2B28B247E7A61003ED9D1 /* Assets.xcassets */ = {isa = PBXFileReference; lastKnownFileType = folder.assetcatalog; path = Assets.xcassets; sourceTree = "<group>"; };
		F5A2B28E247E7A61003ED9D1 /* Base */ = {isa = PBXFileReference; lastKnownFileType = file.storyboard; name = Base; path = Base.lproj/LaunchScreen.storyboard; sourceTree = "<group>"; };
		F5A2B290247E7A61003ED9D1 /* Info.plist */ = {isa = PBXFileReference; lastKnownFileType = text.plist.xml; path = Info.plist; sourceTree = "<group>"; };
		F5A2B295247E7A61003ED9D1 /* InvitationTests.xctest */ = {isa = PBXFileReference; explicitFileType = wrapper.cfbundle; includeInIndex = 0; path = InvitationTests.xctest; sourceTree = BUILT_PRODUCTS_DIR; };
		F5A2B299247E7A61003ED9D1 /* InvitationTests.swift */ = {isa = PBXFileReference; lastKnownFileType = sourcecode.swift; path = InvitationTests.swift; sourceTree = "<group>"; };
		F5A2B29B247E7A61003ED9D1 /* Info.plist */ = {isa = PBXFileReference; lastKnownFileType = text.plist.xml; path = Info.plist; sourceTree = "<group>"; };
		F5A2B2AD247E82F5003ED9D1 /* Customer.swift */ = {isa = PBXFileReference; lastKnownFileType = sourcecode.swift; name = Customer.swift; path = Invitation/Customer.swift; sourceTree = SOURCE_ROOT; };
		F5A2B2B1247E92C7003ED9D1 /* CustomerCell.swift */ = {isa = PBXFileReference; lastKnownFileType = sourcecode.swift; path = CustomerCell.swift; sourceTree = "<group>"; };
		F5A2B2B5247EB901003ED9D1 /* customers.json */ = {isa = PBXFileReference; fileEncoding = 4; lastKnownFileType = text.json; path = customers.json; sourceTree = "<group>"; };
/* End PBXFileReference section */

/* Begin PBXFrameworksBuildPhase section */
		F5A2B27C247E7A5E003ED9D1 /* Frameworks */ = {
			isa = PBXFrameworksBuildPhase;
			buildActionMask = 2147483647;
			files = (
			);
			runOnlyForDeploymentPostprocessing = 0;
		};
		F5A2B292247E7A61003ED9D1 /* Frameworks */ = {
			isa = PBXFrameworksBuildPhase;
			buildActionMask = 2147483647;
			files = (
			);
			runOnlyForDeploymentPostprocessing = 0;
		};
/* End PBXFrameworksBuildPhase section */

/* Begin PBXGroup section */
		F5A2B276247E7A5E003ED9D1 = {
			isa = PBXGroup;
			children = (
				F5A2B281247E7A5E003ED9D1 /* Invitation */,
				F5A2B298247E7A61003ED9D1 /* InvitationTests */,
				F5A2B280247E7A5E003ED9D1 /* Products */,
			);
			sourceTree = "<group>";
		};
		F5A2B280247E7A5E003ED9D1 /* Products */ = {
			isa = PBXGroup;
			children = (
				F5A2B27F247E7A5E003ED9D1 /* Invitation.app */,
				F5A2B295247E7A61003ED9D1 /* InvitationTests.xctest */,
			);
			name = Products;
			sourceTree = "<group>";
		};
		F5A2B281247E7A5E003ED9D1 /* Invitation */ = {
			isa = PBXGroup;
			children = (
				F5A2B282247E7A5E003ED9D1 /* AppDelegate.swift */,
				F5A2B284247E7A5E003ED9D1 /* SceneDelegate.swift */,
				F5A2B2A4247E7B22003ED9D1 /* Resources */,
				F5A2B2A5247E7B31003ED9D1 /* Models */,
				F5A2B286247E7A5E003ED9D1 /* FindCustomerViewController.swift */,
				F5A2B288247E7A5E003ED9D1 /* Main.storyboard */,
				F5A2B28B247E7A61003ED9D1 /* Assets.xcassets */,
				F5A2B28D247E7A61003ED9D1 /* LaunchScreen.storyboard */,
				F5A2B290247E7A61003ED9D1 /* Info.plist */,
			);
			path = Invitation;
			sourceTree = "<group>";
		};
		F5A2B298247E7A61003ED9D1 /* InvitationTests */ = {
			isa = PBXGroup;
			children = (
				F5A2B299247E7A61003ED9D1 /* InvitationTests.swift */,
				F5A2B29B247E7A61003ED9D1 /* Info.plist */,
			);
			path = InvitationTests;
			sourceTree = "<group>";
		};
		F5A2B2A4247E7B22003ED9D1 /* Resources */ = {
			isa = PBXGroup;
			children = (
				F5A2B2B5247EB901003ED9D1 /* customers.json */,
			);
			path = Resources;
			sourceTree = "<group>";
		};
		F5A2B2A5247E7B31003ED9D1 /* Models */ = {
			isa = PBXGroup;
			children = (
				F5A2B2AD247E82F5003ED9D1 /* Customer.swift */,
				F5A2B2B1247E92C7003ED9D1 /* CustomerCell.swift */,
			);
			path = Models;
			sourceTree = "<group>";
		};
/* End PBXGroup section */

/* Begin PBXNativeTarget section */
		F5A2B27E247E7A5E003ED9D1 /* Invitation */ = {
			isa = PBXNativeTarget;
			buildConfigurationList = F5A2B29E247E7A61003ED9D1 /* Build configuration list for PBXNativeTarget "Invitation" */;
			buildPhases = (
				F5A2B27B247E7A5E003ED9D1 /* Sources */,
				F5A2B27C247E7A5E003ED9D1 /* Frameworks */,
				F5A2B27D247E7A5E003ED9D1 /* Resources */,
			);
			buildRules = (
			);
			dependencies = (
			);
			name = Invitation;
			productName = Invitation;
			productReference = F5A2B27F247E7A5E003ED9D1 /* Invitation.app */;
			productType = "com.apple.product-type.application";
		};
		F5A2B294247E7A61003ED9D1 /* InvitationTests */ = {
			isa = PBXNativeTarget;
			buildConfigurationList = F5A2B2A1247E7A61003ED9D1 /* Build configuration list for PBXNativeTarget "InvitationTests" */;
			buildPhases = (
				F5A2B291247E7A61003ED9D1 /* Sources */,
				F5A2B292247E7A61003ED9D1 /* Frameworks */,
				F5A2B293247E7A61003ED9D1 /* Resources */,
			);
			buildRules = (
			);
			dependencies = (
				F5A2B297247E7A61003ED9D1 /* PBXTargetDependency */,
			);
			name = InvitationTests;
			productName = InvitationTests;
			productReference = F5A2B295247E7A61003ED9D1 /* InvitationTests.xctest */;
			productType = "com.apple.product-type.bundle.unit-test";
		};
/* End PBXNativeTarget section */

/* Begin PBXProject section */
		F5A2B277247E7A5E003ED9D1 /* Project object */ = {
			isa = PBXProject;
			attributes = {
				LastSwiftUpdateCheck = 1150;
				LastUpgradeCheck = 1150;
				ORGANIZATIONNAME = "Cris Burlamaqui";
				TargetAttributes = {
					F5A2B27E247E7A5E003ED9D1 = {
						CreatedOnToolsVersion = 11.5;
					};
					F5A2B294247E7A61003ED9D1 = {
						CreatedOnToolsVersion = 11.5;
						TestTargetID = F5A2B27E247E7A5E003ED9D1;
					};
				};
			};
			buildConfigurationList = F5A2B27A247E7A5E003ED9D1 /* Build configuration list for PBXProject "Invitation" */;
			compatibilityVersion = "Xcode 9.3";
			developmentRegion = en;
			hasScannedForEncodings = 0;
			knownRegions = (
				en,
				Base,
			);
			mainGroup = F5A2B276247E7A5E003ED9D1;
			productRefGroup = F5A2B280247E7A5E003ED9D1 /* Products */;
			projectDirPath = "";
			projectRoot = "";
			targets = (
				F5A2B27E247E7A5E003ED9D1 /* Invitation */,
				F5A2B294247E7A61003ED9D1 /* InvitationTests */,
			);
		};
/* End PBXProject section */

/* Begin PBXResourcesBuildPhase section */
		F5A2B27D247E7A5E003ED9D1 /* Resources */ = {
			isa = PBXResourcesBuildPhase;
			buildActionMask = 2147483647;
			files = (
				F5A2B28F247E7A61003ED9D1 /* LaunchScreen.storyboard in Resources */,
				F5A2B28C247E7A61003ED9D1 /* Assets.xcassets in Resources */,
				F5A2B28A247E7A5E003ED9D1 /* Main.storyboard in Resources */,
				F5A2B2B6247EB901003ED9D1 /* customers.json in Resources */,
			);
			runOnlyForDeploymentPostprocessing = 0;
		};
		F5A2B293247E7A61003ED9D1 /* Resources */ = {
			isa = PBXResourcesBuildPhase;
			buildActionMask = 2147483647;
			files = (
			);
			runOnlyForDeploymentPostprocessing = 0;
		};
/* End PBXResourcesBuildPhase section */

/* Begin PBXSourcesBuildPhase section */
		F5A2B27B247E7A5E003ED9D1 /* Sources */ = {
			isa = PBXSourcesBuildPhase;
			buildActionMask = 2147483647;
			files = (
				F5A2B287247E7A5E003ED9D1 /* FindCustomerViewController.swift in Sources */,
				F5A2B283247E7A5E003ED9D1 /* AppDelegate.swift in Sources */,
				F5A2B285247E7A5E003ED9D1 /* SceneDelegate.swift in Sources */,
				F5A2B2AE247E82F5003ED9D1 /* Customer.swift in Sources */,
				F5A2B2B2247E92C7003ED9D1 /* CustomerCell.swift in Sources */,
			);
			runOnlyForDeploymentPostprocessing = 0;
		};
		F5A2B291247E7A61003ED9D1 /* Sources */ = {
			isa = PBXSourcesBuildPhase;
			buildActionMask = 2147483647;
			files = (
				F5A2B29A247E7A61003ED9D1 /* InvitationTests.swift in Sources */,
			);
			runOnlyForDeploymentPostprocessing = 0;
		};
/* End PBXSourcesBuildPhase section */

/* Begin PBXTargetDependency section */
		F5A2B297247E7A61003ED9D1 /* PBXTargetDependency */ = {
			isa = PBXTargetDependency;
			target = F5A2B27E247E7A5E003ED9D1 /* Invitation */;
			targetProxy = F5A2B296247E7A61003ED9D1 /* PBXContainerItemProxy */;
		};
/* End PBXTargetDependency section */

/* Begin PBXVariantGroup section */
		F5A2B288247E7A5E003ED9D1 /* Main.storyboard */ = {
			isa = PBXVariantGroup;
			children = (
				F5A2B289247E7A5E003ED9D1 /* Base */,
			);
			name = Main.storyboard;
			sourceTree = "<group>";
		};
		F5A2B28D247E7A61003ED9D1 /* LaunchScreen.storyboard */ = {
			isa = PBXVariantGroup;
			children = (
				F5A2B28E247E7A61003ED9D1 /* Base */,
			);
			name = LaunchScreen.storyboard;
			sourceTree = "<group>";
		};
/* End PBXVariantGroup section */

/* Begin XCBuildConfiguration section */
		F5A2B29C247E7A61003ED9D1 /* Debug */ = {
			isa = XCBuildConfiguration;
			buildSettings = {
				ALWAYS_SEARCH_USER_PATHS = NO;
				CLANG_ANALYZER_NONNULL = YES;
				CLANG_ANALYZER_NUMBER_OBJECT_CONVERSION = YES_AGGRESSIVE;
				CLANG_CXX_LANGUAGE_STANDARD = "gnu++14";
				CLANG_CXX_LIBRARY = "libc++";
				CLANG_ENABLE_MODULES = YES;
				CLANG_ENABLE_OBJC_ARC = YES;
				CLANG_ENABLE_OBJC_WEAK = YES;
				CLANG_WARN_BLOCK_CAPTURE_AUTORELEASING = YES;
				CLANG_WARN_BOOL_CONVERSION = YES;
				CLANG_WARN_COMMA = YES;
				CLANG_WARN_CONSTANT_CONVERSION = YES;
				CLANG_WARN_DEPRECATED_OBJC_IMPLEMENTATIONS = YES;
				CLANG_WARN_DIRECT_OBJC_ISA_USAGE = YES_ERROR;
				CLANG_WARN_DOCUMENTATION_COMMENTS = YES;
				CLANG_WARN_EMPTY_BODY = YES;
				CLANG_WARN_ENUM_CONVERSION = YES;
				CLANG_WARN_INFINITE_RECURSION = YES;
				CLANG_WARN_INT_CONVERSION = YES;
				CLANG_WARN_NON_LITERAL_NULL_CONVERSION = YES;
				CLANG_WARN_OBJC_IMPLICIT_RETAIN_SELF = YES;
				CLANG_WARN_OBJC_LITERAL_CONVERSION = YES;
				CLANG_WARN_OBJC_ROOT_CLASS = YES_ERROR;
				CLANG_WARN_RANGE_LOOP_ANALYSIS = YES;
				CLANG_WARN_STRICT_PROTOTYPES = YES;
				CLANG_WARN_SUSPICIOUS_MOVE = YES;
				CLANG_WARN_UNGUARDED_AVAILABILITY = YES_AGGRESSIVE;
				CLANG_WARN_UNREACHABLE_CODE = YES;
				CLANG_WARN__DUPLICATE_METHOD_MATCH = YES;
				COPY_PHASE_STRIP = NO;
				DEBUG_INFORMATION_FORMAT = dwarf;
				ENABLE_STRICT_OBJC_MSGSEND = YES;
				ENABLE_TESTABILITY = YES;
				GCC_C_LANGUAGE_STANDARD = gnu11;
				GCC_DYNAMIC_NO_PIC = NO;
				GCC_NO_COMMON_BLOCKS = YES;
				GCC_OPTIMIZATION_LEVEL = 0;
				GCC_PREPROCESSOR_DEFINITIONS = (
					"DEBUG=1",
					"$(inherited)",
				);
				GCC_WARN_64_TO_32_BIT_CONVERSION = YES;
				GCC_WARN_ABOUT_RETURN_TYPE = YES_ERROR;
				GCC_WARN_UNDECLARED_SELECTOR = YES;
				GCC_WARN_UNINITIALIZED_AUTOS = YES_AGGRESSIVE;
				GCC_WARN_UNUSED_FUNCTION = YES;
				GCC_WARN_UNUSED_VARIABLE = YES;
				IPHONEOS_DEPLOYMENT_TARGET = 13.5;
				MTL_ENABLE_DEBUG_INFO = INCLUDE_SOURCE;
				MTL_FAST_MATH = YES;
				ONLY_ACTIVE_ARCH = YES;
				SDKROOT = iphoneos;
				SWIFT_ACTIVE_COMPILATION_CONDITIONS = DEBUG;
				SWIFT_OPTIMIZATION_LEVEL = "-Onone";
			};
			name = Debug;
		};
		F5A2B29D247E7A61003ED9D1 /* Release */ = {
			isa = XCBuildConfiguration;
			buildSettings = {
				ALWAYS_SEARCH_USER_PATHS = NO;
				CLANG_ANALYZER_NONNULL = YES;
				CLANG_ANALYZER_NUMBER_OBJECT_CONVERSION = YES_AGGRESSIVE;
				CLANG_CXX_LANGUAGE_STANDARD = "gnu++14";
				CLANG_CXX_LIBRARY = "libc++";
				CLANG_ENABLE_MODULES = YES;
				CLANG_ENABLE_OBJC_ARC = YES;
				CLANG_ENABLE_OBJC_WEAK = YES;
				CLANG_WARN_BLOCK_CAPTURE_AUTORELEASING = YES;
				CLANG_WARN_BOOL_CONVERSION = YES;
				CLANG_WARN_COMMA = YES;
				CLANG_WARN_CONSTANT_CONVERSION = YES;
				CLANG_WARN_DEPRECATED_OBJC_IMPLEMENTATIONS = YES;
				CLANG_WARN_DIRECT_OBJC_ISA_USAGE = YES_ERROR;
				CLANG_WARN_DOCUMENTATION_COMMENTS = YES;
				CLANG_WARN_EMPTY_BODY = YES;
				CLANG_WARN_ENUM_CONVERSION = YES;
				CLANG_WARN_INFINITE_RECURSION = YES;
				CLANG_WARN_INT_CONVERSION = YES;
				CLANG_WARN_NON_LITERAL_NULL_CONVERSION = YES;
				CLANG_WARN_OBJC_IMPLICIT_RETAIN_SELF = YES;
				CLANG_WARN_OBJC_LITERAL_CONVERSION = YES;
				CLANG_WARN_OBJC_ROOT_CLASS = YES_ERROR;
				CLANG_WARN_RANGE_LOOP_ANALYSIS = YES;
				CLANG_WARN_STRICT_PROTOTYPES = YES;
				CLANG_WARN_SUSPICIOUS_MOVE = YES;
				CLANG_WARN_UNGUARDED_AVAILABILITY = YES_AGGRESSIVE;
				CLANG_WARN_UNREACHABLE_CODE = YES;
				CLANG_WARN__DUPLICATE_METHOD_MATCH = YES;
				COPY_PHASE_STRIP = NO;
				DEBUG_INFORMATION_FORMAT = "dwarf-with-dsym";
				ENABLE_NS_ASSERTIONS = NO;
				ENABLE_STRICT_OBJC_MSGSEND = YES;
				GCC_C_LANGUAGE_STANDARD = gnu11;
				GCC_NO_COMMON_BLOCKS = YES;
				GCC_WARN_64_TO_32_BIT_CONVERSION = YES;
				GCC_WARN_ABOUT_RETURN_TYPE = YES_ERROR;
				GCC_WARN_UNDECLARED_SELECTOR = YES;
				GCC_WARN_UNINITIALIZED_AUTOS = YES_AGGRESSIVE;
				GCC_WARN_UNUSED_FUNCTION = YES;
				GCC_WARN_UNUSED_VARIABLE = YES;
				IPHONEOS_DEPLOYMENT_TARGET = 13.5;
				MTL_ENABLE_DEBUG_INFO = NO;
				MTL_FAST_MATH = YES;
				SDKROOT = iphoneos;
				SWIFT_COMPILATION_MODE = wholemodule;
				SWIFT_OPTIMIZATION_LEVEL = "-O";
				VALIDATE_PRODUCT = YES;
			};
			name = Release;
		};
		F5A2B29F247E7A61003ED9D1 /* Debug */ = {
			isa = XCBuildConfiguration;
			buildSettings = {
				ASSETCATALOG_COMPILER_APPICON_NAME = AppIcon;
				CODE_SIGN_STYLE = Automatic;
				INFOPLIST_FILE = Invitation/Info.plist;
				LD_RUNPATH_SEARCH_PATHS = (
					"$(inherited)",
					"@executable_path/Frameworks",
				);
				PRODUCT_BUNDLE_IDENTIFIER = com.burlamaqui.intercom.Invitation;
				PRODUCT_NAME = "$(TARGET_NAME)";
				SWIFT_VERSION = 5.0;
				TARGETED_DEVICE_FAMILY = 1;
			};
			name = Debug;
		};
		F5A2B2A0247E7A61003ED9D1 /* Release */ = {
			isa = XCBuildConfiguration;
			buildSettings = {
				ASSETCATALOG_COMPILER_APPICON_NAME = AppIcon;
				CODE_SIGN_STYLE = Automatic;
				INFOPLIST_FILE = Invitation/Info.plist;
				LD_RUNPATH_SEARCH_PATHS = (
					"$(inherited)",
					"@executable_path/Frameworks",
				);
				PRODUCT_BUNDLE_IDENTIFIER = com.burlamaqui.intercom.Invitation;
				PRODUCT_NAME = "$(TARGET_NAME)";
				SWIFT_VERSION = 5.0;
				TARGETED_DEVICE_FAMILY = 1;
			};
			name = Release;
		};
		F5A2B2A2247E7A61003ED9D1 /* Debug */ = {
			isa = XCBuildConfiguration;
			buildSettings = {
				ALWAYS_EMBED_SWIFT_STANDARD_LIBRARIES = YES;
				BUNDLE_LOADER = "$(TEST_HOST)";
				CODE_SIGN_STYLE = Automatic;
				INFOPLIST_FILE = InvitationTests/Info.plist;
				IPHONEOS_DEPLOYMENT_TARGET = 13.5;
				LD_RUNPATH_SEARCH_PATHS = (
					"$(inherited)",
					"@executable_path/Frameworks",
					"@loader_path/Frameworks",
				);
				PRODUCT_BUNDLE_IDENTIFIER = com.burlamaqui.intercom.InvitationTests;
				PRODUCT_NAME = "$(TARGET_NAME)";
				SWIFT_VERSION = 5.0;
				TARGETED_DEVICE_FAMILY = "1,2";
				TEST_HOST = "$(BUILT_PRODUCTS_DIR)/Invitation.app/Invitation";
			};
			name = Debug;
		};
		F5A2B2A3247E7A61003ED9D1 /* Release */ = {
			isa = XCBuildConfiguration;
			buildSettings = {
				ALWAYS_EMBED_SWIFT_STANDARD_LIBRARIES = YES;
				BUNDLE_LOADER = "$(TEST_HOST)";
				CODE_SIGN_STYLE = Automatic;
				INFOPLIST_FILE = InvitationTests/Info.plist;
				IPHONEOS_DEPLOYMENT_TARGET = 13.5;
				LD_RUNPATH_SEARCH_PATHS = (
					"$(inherited)",
					"@executable_path/Frameworks",
					"@loader_path/Frameworks",
				);
				PRODUCT_BUNDLE_IDENTIFIER = com.burlamaqui.intercom.InvitationTests;
				PRODUCT_NAME = "$(TARGET_NAME)";
				SWIFT_VERSION = 5.0;
				TARGETED_DEVICE_FAMILY = "1,2";
				TEST_HOST = "$(BUILT_PRODUCTS_DIR)/Invitation.app/Invitation";
			};
			name = Release;
		};
/* End XCBuildConfiguration section */

/* Begin XCConfigurationList section */
		F5A2B27A247E7A5E003ED9D1 /* Build configuration list for PBXProject "Invitation" */ = {
			isa = XCConfigurationList;
			buildConfigurations = (
				F5A2B29C247E7A61003ED9D1 /* Debug */,
				F5A2B29D247E7A61003ED9D1 /* Release */,
			);
			defaultConfigurationIsVisible = 0;
			defaultConfigurationName = Release;
		};
		F5A2B29E247E7A61003ED9D1 /* Build configuration list for PBXNativeTarget "Invitation" */ = {
			isa = XCConfigurationList;
			buildConfigurations = (
				F5A2B29F247E7A61003ED9D1 /* Debug */,
				F5A2B2A0247E7A61003ED9D1 /* Release */,
			);
			defaultConfigurationIsVisible = 0;
			defaultConfigurationName = Release;
		};
		F5A2B2A1247E7A61003ED9D1 /* Build configuration list for PBXNativeTarget "InvitationTests" */ = {
			isa = XCConfigurationList;
			buildConfigurations = (
				F5A2B2A2247E7A61003ED9D1 /* Debug */,
				F5A2B2A3247E7A61003ED9D1 /* Release */,
			);
			defaultConfigurationIsVisible = 0;
			defaultConfigurationName = Release;
		};
/* End XCConfigurationList section */
	};
	rootObject = F5A2B277247E7A5E003ED9D1 /* Project object */;
}
